
Microsoft Visual Studio Solution File, Format Version 12.00
# Visual Studio Version 17
VisualStudioVersion = 17.9.34714.143
MinimumVisualStudioVersion = 10.0.40219.1
Project("{2150E333-8FDC-42A3-9474-1A3956D46DE8}") = "Services", "Services", "{B555C79D-377F-4713-98CD-B77FBEF77944}"
EndProject
Project("{2150E333-8FDC-42A3-9474-1A3956D46DE8}") = "Catalog", "Catalog", "{E0324FC3-C3BA-41E1-9A15-1CB8D260C02E}"
EndProject
Project("{9A19103F-16F7-4668-BE54-9A1E7A4F7556}") = "MultiShop.Catalog", "Services\Catalog\MultiShop.Catalog\MultiShop.Catalog.csproj", "{0AE3BC7D-2B33-461C-BB17-45F4F04EA184}"
EndProject
Project("{2150E333-8FDC-42A3-9474-1A3956D46DE8}") = "Discount", "Discount", "{B711FD8E-9626-436D-A5F3-7C895D4E57E5}"
EndProject
Project("{9A19103F-16F7-4668-BE54-9A1E7A4F7556}") = "MultiShop.Discount", "Services\Discount\MultiShop.Discount\MultiShop.Discount.csproj", "{2BAFF8C6-2AB5-4DB4-99F5-6441174FD961}"
EndProject
Project("{2150E333-8FDC-42A3-9474-1A3956D46DE8}") = "Order", "Order", "{F69FEC8B-DC4E-415E-82F8-DED07E3C49B5}"
EndProject
Project("{2150E333-8FDC-42A3-9474-1A3956D46DE8}") = "Core", "Core", "{73005406-C5EB-49DA-A7B5-0F269ABD089C}"
EndProject
Project("{2150E333-8FDC-42A3-9474-1A3956D46DE8}") = "Infrastructure", "Infrastructure", "{E9DD9D3A-A536-41BE-8EA2-8FC76808279D}"
EndProject
Project("{2150E333-8FDC-42A3-9474-1A3956D46DE8}") = "Presentation", "Presentation", "{07EAC63E-FD2E-4F27-8064-7980FE4C8B79}"
EndProject
Project("{9A19103F-16F7-4668-BE54-9A1E7A4F7556}") = "MultiShop.Order.Domain", "Services\Order\Core\MultiShop.Order.Domain\MultiShop.Order.Domain.csproj", "{739697E2-EF7E-47DE-A9A1-B933BC3FC862}"
EndProject
Project("{9A19103F-16F7-4668-BE54-9A1E7A4F7556}") = "MultiShop.Order.Application", "Services\Order\Core\MultiShop.Order.Application\MultiShop.Order.Application.csproj", "{B6EBAB96-D45E-4332-8817-5C62D5E8DBBC}"
EndProject
Project("{9A19103F-16F7-4668-BE54-9A1E7A4F7556}") = "MultiShop.Order.Persistence", "Services\Order\Infastructure\MultiShop.Order.Persistence\MultiShop.Order.Persistence.csproj", "{9AE370F9-A3D0-4957-AC71-85B4DA4728D1}"
EndProject
Project("{9A19103F-16F7-4668-BE54-9A1E7A4F7556}") = "MultiShop.Order.WebApi", "Services\Order\Presentation\MultiShop.Order.WebApi\MultiShop.Order.WebApi.csproj", "{1D284EA8-1571-4F12-9384-D05C830A0866}"
EndProject
Project("{2150E333-8FDC-42A3-9474-1A3956D46DE8}") = "IdentityServer", "IdentityServer", "{842341F5-EB0A-49B7-A73E-BDB473486BF1}"
EndProject
Project("{9A19103F-16F7-4668-BE54-9A1E7A4F7556}") = "MultiShop.IdentityServer", "IdentityServer\MultiShop.IdentityServer\MultiShop.IdentityServer.csproj", "{579169E6-D8EB-40D9-B94E-EA14456A0377}"
EndProject
Project("{2150E333-8FDC-42A3-9474-1A3956D46DE8}") = "Requirements", "Requirements", "{8820AF90-B1B7-463D-8D00-EF804D984795}"
	ProjectSection(SolutionItems) = preProject
		PortainerCmd.txt = PortainerCmd.txt
		PortNumbers.txt = PortNumbers.txt
	EndProjectSection
EndProject
Project("{2150E333-8FDC-42A3-9474-1A3956D46DE8}") = "Cargo", "Cargo", "{BDCE3BC0-81C6-41ED-B6E4-BA013F1E4438}"
EndProject
Project("{9A19103F-16F7-4668-BE54-9A1E7A4F7556}") = "MultiShop.Cargo.EntityLayer", "Services\Cargo\MultiShop.Cargo.EntityLayer\MultiShop.Cargo.EntityLayer.csproj", "{F78FA070-0B12-4C0C-9EB2-A18A72AA4A5E}"
EndProject
Project("{9A19103F-16F7-4668-BE54-9A1E7A4F7556}") = "MultiShop.Cargo.BusinessLayer", "Services\Cargo\MultiShop.Cargo.BusinessLayer\MultiShop.Cargo.BusinessLayer.csproj", "{BE56968B-2450-4B36-874D-551CC6915977}"
EndProject
Project("{9A19103F-16F7-4668-BE54-9A1E7A4F7556}") = "MultiShop.Cargo.DataAccessLayer", "Services\Cargo\MultiShop.Cargo.DataAccessLayer\MultiShop.Cargo.DataAccessLayer.csproj", "{20113EE6-900D-46B5-A30C-B177B36CB74B}"
EndProject
Project("{9A19103F-16F7-4668-BE54-9A1E7A4F7556}") = "MultiShop.Cargo.DtoLayer", "Services\Cargo\MultiShop.Cargo.DtoLayer\MultiShop.Cargo.DtoLayer.csproj", "{E5B3C53B-0B8E-43A3-87DA-F87853075156}"
EndProject
Project("{9A19103F-16F7-4668-BE54-9A1E7A4F7556}") = "MultiShop.Cargo.WebApi", "Services\Cargo\MultiShop.Cargo.WebApi\MultiShop.Cargo.WebApi.csproj", "{CC1BC1B6-DC11-4F91-8201-DA7569334A52}"
EndProject
Project("{2150E333-8FDC-42A3-9474-1A3956D46DE8}") = "Basket", "Basket", "{F6CF38E0-3056-4BEF-8B91-4A21F96D6A48}"
EndProject
Project("{9A19103F-16F7-4668-BE54-9A1E7A4F7556}") = "MultiShop.Basket", "Services\Basket\MultiShop.Basket\MultiShop.Basket.csproj", "{4CD2DA49-9357-4DEF-9CD8-10CCD878FABF}"
EndProject
Project("{2150E333-8FDC-42A3-9474-1A3956D46DE8}") = "Frontends", "Frontends", "{695F4FB2-AB8B-463B-B792-0797190A64C7}"
EndProject
Project("{9A19103F-16F7-4668-BE54-9A1E7A4F7556}") = "MultiShop.WebUI", "Frontends\MultiShop.WebUI\MultiShop.WebUI.csproj", "{4ABD2DC9-E5B7-4F17-8F12-79DC750AC2BB}"
EndProject
Project("{FAE04EC0-301F-11D3-BF4B-00C04F79EFBC}") = "MultiShop.DtoLayer", "Frontends\MultiShop.DtoLayer\MultiShop.DtoLayer.csproj", "{84C81180-8874-4318-BD2C-BB162303551F}"
EndProject
Global
	GlobalSection(SolutionConfigurationPlatforms) = preSolution
		Debug|Any CPU = Debug|Any CPU
		Release|Any CPU = Release|Any CPU
	EndGlobalSection
	GlobalSection(ProjectConfigurationPlatforms) = postSolution
		{0AE3BC7D-2B33-461C-BB17-45F4F04EA184}.Debug|Any CPU.ActiveCfg = Debug|Any CPU
		{0AE3BC7D-2B33-461C-BB17-45F4F04EA184}.Debug|Any CPU.Build.0 = Debug|Any CPU
		{0AE3BC7D-2B33-461C-BB17-45F4F04EA184}.Release|Any CPU.ActiveCfg = Release|Any CPU
		{0AE3BC7D-2B33-461C-BB17-45F4F04EA184}.Release|Any CPU.Build.0 = Release|Any CPU
		{2BAFF8C6-2AB5-4DB4-99F5-6441174FD961}.Debug|Any CPU.ActiveCfg = Debug|Any CPU
		{2BAFF8C6-2AB5-4DB4-99F5-6441174FD961}.Debug|Any CPU.Build.0 = Debug|Any CPU
		{2BAFF8C6-2AB5-4DB4-99F5-6441174FD961}.Release|Any CPU.ActiveCfg = Release|Any CPU
		{2BAFF8C6-2AB5-4DB4-99F5-6441174FD961}.Release|Any CPU.Build.0 = Release|Any CPU
		{739697E2-EF7E-47DE-A9A1-B933BC3FC862}.Debug|Any CPU.ActiveCfg = Debug|Any CPU
		{739697E2-EF7E-47DE-A9A1-B933BC3FC862}.Debug|Any CPU.Build.0 = Debug|Any CPU
		{739697E2-EF7E-47DE-A9A1-B933BC3FC862}.Release|Any CPU.ActiveCfg = Release|Any CPU
		{739697E2-EF7E-47DE-A9A1-B933BC3FC862}.Release|Any CPU.Build.0 = Release|Any CPU
		{B6EBAB96-D45E-4332-8817-5C62D5E8DBBC}.Debug|Any CPU.ActiveCfg = Debug|Any CPU
		{B6EBAB96-D45E-4332-8817-5C62D5E8DBBC}.Debug|Any CPU.Build.0 = Debug|Any CPU
		{B6EBAB96-D45E-4332-8817-5C62D5E8DBBC}.Release|Any CPU.ActiveCfg = Release|Any CPU
		{B6EBAB96-D45E-4332-8817-5C62D5E8DBBC}.Release|Any CPU.Build.0 = Release|Any CPU
		{9AE370F9-A3D0-4957-AC71-85B4DA4728D1}.Debug|Any CPU.ActiveCfg = Debug|Any CPU
		{9AE370F9-A3D0-4957-AC71-85B4DA4728D1}.Debug|Any CPU.Build.0 = Debug|Any CPU
		{9AE370F9-A3D0-4957-AC71-85B4DA4728D1}.Release|Any CPU.ActiveCfg = Release|Any CPU
		{9AE370F9-A3D0-4957-AC71-85B4DA4728D1}.Release|Any CPU.Build.0 = Release|Any CPU
		{1D284EA8-1571-4F12-9384-D05C830A0866}.Debug|Any CPU.ActiveCfg = Debug|Any CPU
		{1D284EA8-1571-4F12-9384-D05C830A0866}.Debug|Any CPU.Build.0 = Debug|Any CPU
		{1D284EA8-1571-4F12-9384-D05C830A0866}.Release|Any CPU.ActiveCfg = Release|Any CPU
		{1D284EA8-1571-4F12-9384-D05C830A0866}.Release|Any CPU.Build.0 = Release|Any CPU
		{579169E6-D8EB-40D9-B94E-EA14456A0377}.Debug|Any CPU.ActiveCfg = Debug|Any CPU
		{579169E6-D8EB-40D9-B94E-EA14456A0377}.Debug|Any CPU.Build.0 = Debug|Any CPU
		{579169E6-D8EB-40D9-B94E-EA14456A0377}.Release|Any CPU.ActiveCfg = Release|Any CPU
		{579169E6-D8EB-40D9-B94E-EA14456A0377}.Release|Any CPU.Build.0 = Release|Any CPU
		{F78FA070-0B12-4C0C-9EB2-A18A72AA4A5E}.Debug|Any CPU.ActiveCfg = Debug|Any CPU
		{F78FA070-0B12-4C0C-9EB2-A18A72AA4A5E}.Debug|Any CPU.Build.0 = Debug|Any CPU
		{F78FA070-0B12-4C0C-9EB2-A18A72AA4A5E}.Release|Any CPU.ActiveCfg = Release|Any CPU
		{F78FA070-0B12-4C0C-9EB2-A18A72AA4A5E}.Release|Any CPU.Build.0 = Release|Any CPU
		{BE56968B-2450-4B36-874D-551CC6915977}.Debug|Any CPU.ActiveCfg = Debug|Any CPU
		{BE56968B-2450-4B36-874D-551CC6915977}.Debug|Any CPU.Build.0 = Debug|Any CPU
		{BE56968B-2450-4B36-874D-551CC6915977}.Release|Any CPU.ActiveCfg = Release|Any CPU
		{BE56968B-2450-4B36-874D-551CC6915977}.Release|Any CPU.Build.0 = Release|Any CPU
		{20113EE6-900D-46B5-A30C-B177B36CB74B}.Debug|Any CPU.ActiveCfg = Debug|Any CPU
		{20113EE6-900D-46B5-A30C-B177B36CB74B}.Debug|Any CPU.Build.0 = Debug|Any CPU
		{20113EE6-900D-46B5-A30C-B177B36CB74B}.Release|Any CPU.ActiveCfg = Release|Any CPU
		{20113EE6-900D-46B5-A30C-B177B36CB74B}.Release|Any CPU.Build.0 = Release|Any CPU
		{E5B3C53B-0B8E-43A3-87DA-F87853075156}.Debug|Any CPU.ActiveCfg = Debug|Any CPU
		{E5B3C53B-0B8E-43A3-87DA-F87853075156}.Debug|Any CPU.Build.0 = Debug|Any CPU
		{E5B3C53B-0B8E-43A3-87DA-F87853075156}.Release|Any CPU.ActiveCfg = Release|Any CPU
		{E5B3C53B-0B8E-43A3-87DA-F87853075156}.Release|Any CPU.Build.0 = Release|Any CPU
		{CC1BC1B6-DC11-4F91-8201-DA7569334A52}.Debug|Any CPU.ActiveCfg = Debug|Any CPU
		{CC1BC1B6-DC11-4F91-8201-DA7569334A52}.Debug|Any CPU.Build.0 = Debug|Any CPU
		{CC1BC1B6-DC11-4F91-8201-DA7569334A52}.Release|Any CPU.ActiveCfg = Release|Any CPU
		{CC1BC1B6-DC11-4F91-8201-DA7569334A52}.Release|Any CPU.Build.0 = Release|Any CPU
		{4CD2DA49-9357-4DEF-9CD8-10CCD878FABF}.Debug|Any CPU.ActiveCfg = Debug|Any CPU
		{4CD2DA49-9357-4DEF-9CD8-10CCD878FABF}.Debug|Any CPU.Build.0 = Debug|Any CPU
		{4CD2DA49-9357-4DEF-9CD8-10CCD878FABF}.Release|Any CPU.ActiveCfg = Release|Any CPU
		{4CD2DA49-9357-4DEF-9CD8-10CCD878FABF}.Release|Any CPU.Build.0 = Release|Any CPU
		{4ABD2DC9-E5B7-4F17-8F12-79DC750AC2BB}.Debug|Any CPU.ActiveCfg = Debug|Any CPU
		{4ABD2DC9-E5B7-4F17-8F12-79DC750AC2BB}.Debug|Any CPU.Build.0 = Debug|Any CPU
		{4ABD2DC9-E5B7-4F17-8F12-79DC750AC2BB}.Release|Any CPU.ActiveCfg = Release|Any CPU
		{4ABD2DC9-E5B7-4F17-8F12-79DC750AC2BB}.Release|Any CPU.Build.0 = Release|Any CPU
		{84C81180-8874-4318-BD2C-BB162303551F}.Debug|Any CPU.ActiveCfg = Debug|Any CPU
		{84C81180-8874-4318-BD2C-BB162303551F}.Debug|Any CPU.Build.0 = Debug|Any CPU
		{84C81180-8874-4318-BD2C-BB162303551F}.Release|Any CPU.ActiveCfg = Release|Any CPU
		{84C81180-8874-4318-BD2C-BB162303551F}.Release|Any CPU.Build.0 = Release|Any CPU
	EndGlobalSection
	GlobalSection(SolutionProperties) = preSolution
		HideSolutionNode = FALSE
	EndGlobalSection
	GlobalSection(NestedProjects) = preSolution
		{E0324FC3-C3BA-41E1-9A15-1CB8D260C02E} = {B555C79D-377F-4713-98CD-B77FBEF77944}
		{0AE3BC7D-2B33-461C-BB17-45F4F04EA184} = {E0324FC3-C3BA-41E1-9A15-1CB8D260C02E}
		{B711FD8E-9626-436D-A5F3-7C895D4E57E5} = {B555C79D-377F-4713-98CD-B77FBEF77944}
		{2BAFF8C6-2AB5-4DB4-99F5-6441174FD961} = {B711FD8E-9626-436D-A5F3-7C895D4E57E5}
		{F69FEC8B-DC4E-415E-82F8-DED07E3C49B5} = {B555C79D-377F-4713-98CD-B77FBEF77944}
		{73005406-C5EB-49DA-A7B5-0F269ABD089C} = {F69FEC8B-DC4E-415E-82F8-DED07E3C49B5}
		{E9DD9D3A-A536-41BE-8EA2-8FC76808279D} = {F69FEC8B-DC4E-415E-82F8-DED07E3C49B5}
		{07EAC63E-FD2E-4F27-8064-7980FE4C8B79} = {F69FEC8B-DC4E-415E-82F8-DED07E3C49B5}
		{739697E2-EF7E-47DE-A9A1-B933BC3FC862} = {73005406-C5EB-49DA-A7B5-0F269ABD089C}
		{B6EBAB96-D45E-4332-8817-5C62D5E8DBBC} = {73005406-C5EB-49DA-A7B5-0F269ABD089C}
		{9AE370F9-A3D0-4957-AC71-85B4DA4728D1} = {E9DD9D3A-A536-41BE-8EA2-8FC76808279D}
		{1D284EA8-1571-4F12-9384-D05C830A0866} = {07EAC63E-FD2E-4F27-8064-7980FE4C8B79}
		{579169E6-D8EB-40D9-B94E-EA14456A0377} = {842341F5-EB0A-49B7-A73E-BDB473486BF1}
		{BDCE3BC0-81C6-41ED-B6E4-BA013F1E4438} = {B555C79D-377F-4713-98CD-B77FBEF77944}
		{F78FA070-0B12-4C0C-9EB2-A18A72AA4A5E} = {BDCE3BC0-81C6-41ED-B6E4-BA013F1E4438}
		{BE56968B-2450-4B36-874D-551CC6915977} = {BDCE3BC0-81C6-41ED-B6E4-BA013F1E4438}
		{20113EE6-900D-46B5-A30C-B177B36CB74B} = {BDCE3BC0-81C6-41ED-B6E4-BA013F1E4438}
		{E5B3C53B-0B8E-43A3-87DA-F87853075156} = {BDCE3BC0-81C6-41ED-B6E4-BA013F1E4438}
		{CC1BC1B6-DC11-4F91-8201-DA7569334A52} = {BDCE3BC0-81C6-41ED-B6E4-BA013F1E4438}
		{F6CF38E0-3056-4BEF-8B91-4A21F96D6A48} = {B555C79D-377F-4713-98CD-B77FBEF77944}
		{4CD2DA49-9357-4DEF-9CD8-10CCD878FABF} = {F6CF38E0-3056-4BEF-8B91-4A21F96D6A48}
		{4ABD2DC9-E5B7-4F17-8F12-79DC750AC2BB} = {695F4FB2-AB8B-463B-B792-0797190A64C7}
		{84C81180-8874-4318-BD2C-BB162303551F} = {695F4FB2-AB8B-463B-B792-0797190A64C7}
	EndGlobalSection
	GlobalSection(ExtensibilityGlobals) = postSolution
		SolutionGuid = {AB752DAA-1A2E-4888-907D-88E477EE2FCA}
	EndGlobalSection
EndGlobal
