
Microsoft Visual Studio Solution File, Format Version 12.00
# Visual Studio Version 17
VisualStudioVersion = 17.9.34714.143
MinimumVisualStudioVersion = 10.0.40219.1
Project("{2150E333-8FDC-42A3-9474-1A3956D46DE8}") = "Services", "Services", "{B555C79D-377F-4713-98CD-B77FBEF77944}"
EndProject
Project("{2150E333-8FDC-42A3-9474-1A3956D46DE8}") = "Catalog", "Catalog", "{E0324FC3-C3BA-41E1-9A15-1CB8D260C02E}"
EndProject
Project("{9A19103F-16F7-4668-BE54-9A1E7A4F7556}") = "MultiShop.Catalog", "Services\Catalog\MultiShop.Catalog\MultiShop.Catalog.csproj", "{0AE3BC7D-2B33-461C-BB17-45F4F04EA184}"
EndProject
Project("{2150E333-8FDC-42A3-9474-1A3956D46DE8}") = "Discount", "Discount", "{B711FD8E-9626-436D-A5F3-7C895D4E57E5}"
EndProject
Project("{9A19103F-16F7-4668-BE54-9A1E7A4F7556}") = "MultiShop.Discount", "Services\Discount\MultiShop.Discount\MultiShop.Discount.csproj", "{2BAFF8C6-2AB5-4DB4-99F5-6441174FD961}"
EndProject
Project("{2150E333-8FDC-42A3-9474-1A3956D46DE8}") = "Order", "Order", "{F69FEC8B-DC4E-415E-82F8-DED07E3C49B5}"
EndProject
Project("{2150E333-8FDC-42A3-9474-1A3956D46DE8}") = "Core", "Core", "{73005406-C5EB-49DA-A7B5-0F269ABD089C}"
EndProject
Project("{2150E333-8FDC-42A3-9474-1A3956D46DE8}") = "Infrastructure", "Infrastructure", "{E9DD9D3A-A536-41BE-8EA2-8FC76808279D}"
EndProject
Project("{2150E333-8FDC-42A3-9474-1A3956D46DE8}") = "Presentation", "Presentation", "{07EAC63E-FD2E-4F27-8064-7980FE4C8B79}"
EndProject
Project("{9A19103F-16F7-4668-BE54-9A1E7A4F7556}") = "MultiShop.Order.Domain", "Services\Order\Core\MultiShop.Order.Domain\MultiShop.Order.Domain.csproj", "{739697E2-EF7E-47DE-A9A1-B933BC3FC862}"
EndProject
Project("{9A19103F-16F7-4668-BE54-9A1E7A4F7556}") = "MultiShop.Order.Application", "Services\Order\Core\MultiShop.Order.Application\MultiShop.Order.Application.csproj", "{B6EBAB96-D45E-4332-8817-5C62D5E8DBBC}"
EndProject
Project("{9A19103F-16F7-4668-BE54-9A1E7A4F7556}") = "MultiShop.Order.Persistence", "Services\Order\Infastructure\MultiShop.Order.Persistence\MultiShop.Order.Persistence.csproj", "{9AE370F9-A3D0-4957-AC71-85B4DA4728D1}"
EndProject
Project("{9A19103F-16F7-4668-BE54-9A1E7A4F7556}") = "MultiShop.Order.WebApi", "Services\Order\Presentation\MultiShop.Order.WebApi\MultiShop.Order.WebApi.csproj", "{1D284EA8-1571-4F12-9384-D05C830A0866}"
EndProject
Project("{2150E333-8FDC-42A3-9474-1A3956D46DE8}") = "IdentityServer", "IdentityServer", "{842341F5-EB0A-49B7-A73E-BDB473486BF1}"
EndProject
Project("{9A19103F-16F7-4668-BE54-9A1E7A4F7556}") = "MultiShop.IdentityServer", "IdentityServer\MultiShop.IdentityServer\MultiShop.IdentityServer.csproj", "{579169E6-D8EB-40D9-B94E-EA14456A0377}"
EndProject
Project("{2150E333-8FDC-42A3-9474-1A3956D46DE8}") = "Requirements", "Requirements", "{8820AF90-B1B7-463D-8D00-EF804D984795}"
	ProjectSection(SolutionItems) = preProject
		PortainerCmd.txt = PortainerCmd.txt
	EndProjectSection
EndProject
Global
	GlobalSection(SolutionConfigurationPlatforms) = preSolution
		Debug|Any CPU = Debug|Any CPU
		Release|Any CPU = Release|Any CPU
	EndGlobalSection
	GlobalSection(ProjectConfigurationPlatforms) = postSolution
		{0AE3BC7D-2B33-461C-BB17-45F4F04EA184}.Debug|Any CPU.ActiveCfg = Debug|Any CPU
		{0AE3BC7D-2B33-461C-BB17-45F4F04EA184}.Debug|Any CPU.Build.0 = Debug|Any CPU
		{0AE3BC7D-2B33-461C-BB17-45F4F04EA184}.Release|Any CPU.ActiveCfg = Release|Any CPU
		{0AE3BC7D-2B33-461C-BB17-45F4F04EA184}.Release|Any CPU.Build.0 = Release|Any CPU
		{2BAFF8C6-2AB5-4DB4-99F5-6441174FD961}.Debug|Any CPU.ActiveCfg = Debug|Any CPU
		{2BAFF8C6-2AB5-4DB4-99F5-6441174FD961}.Debug|Any CPU.Build.0 = Debug|Any CPU
		{2BAFF8C6-2AB5-4DB4-99F5-6441174FD961}.Release|Any CPU.ActiveCfg = Release|Any CPU
		{2BAFF8C6-2AB5-4DB4-99F5-6441174FD961}.Release|Any CPU.Build.0 = Release|Any CPU
		{739697E2-EF7E-47DE-A9A1-B933BC3FC862}.Debug|Any CPU.ActiveCfg = Debug|Any CPU
		{739697E2-EF7E-47DE-A9A1-B933BC3FC862}.Debug|Any CPU.Build.0 = Debug|Any CPU
		{739697E2-EF7E-47DE-A9A1-B933BC3FC862}.Release|Any CPU.ActiveCfg = Release|Any CPU
		{739697E2-EF7E-47DE-A9A1-B933BC3FC862}.Release|Any CPU.Build.0 = Release|Any CPU
		{B6EBAB96-D45E-4332-8817-5C62D5E8DBBC}.Debug|Any CPU.ActiveCfg = Debug|Any CPU
		{B6EBAB96-D45E-4332-8817-5C62D5E8DBBC}.Debug|Any CPU.Build.0 = Debug|Any CPU
		{B6EBAB96-D45E-4332-8817-5C62D5E8DBBC}.Release|Any CPU.ActiveCfg = Release|Any CPU
		{B6EBAB96-D45E-4332-8817-5C62D5E8DBBC}.Release|Any CPU.Build.0 = Release|Any CPU
		{9AE370F9-A3D0-4957-AC71-85B4DA4728D1}.Debug|Any CPU.ActiveCfg = Debug|Any CPU
		{9AE370F9-A3D0-4957-AC71-85B4DA4728D1}.Debug|Any CPU.Build.0 = Debug|Any CPU
		{9AE370F9-A3D0-4957-AC71-85B4DA4728D1}.Release|Any CPU.ActiveCfg = Release|Any CPU
		{9AE370F9-A3D0-4957-AC71-85B4DA4728D1}.Release|Any CPU.Build.0 = Release|Any CPU
		{1D284EA8-1571-4F12-9384-D05C830A0866}.Debug|Any CPU.ActiveCfg = Debug|Any CPU
		{1D284EA8-1571-4F12-9384-D05C830A0866}.Debug|Any CPU.Build.0 = Debug|Any CPU
		{1D284EA8-1571-4F12-9384-D05C830A0866}.Release|Any CPU.ActiveCfg = Release|Any CPU
		{1D284EA8-1571-4F12-9384-D05C830A0866}.Release|Any CPU.Build.0 = Release|Any CPU
		{579169E6-D8EB-40D9-B94E-EA14456A0377}.Debug|Any CPU.ActiveCfg = Debug|Any CPU
		{579169E6-D8EB-40D9-B94E-EA14456A0377}.Debug|Any CPU.Build.0 = Debug|Any CPU
		{579169E6-D8EB-40D9-B94E-EA14456A0377}.Release|Any CPU.ActiveCfg = Release|Any CPU
		{579169E6-D8EB-40D9-B94E-EA14456A0377}.Release|Any CPU.Build.0 = Release|Any CPU
	EndGlobalSection
	GlobalSection(SolutionProperties) = preSolution
		HideSolutionNode = FALSE
	EndGlobalSection
	GlobalSection(NestedProjects) = preSolution
		{E0324FC3-C3BA-41E1-9A15-1CB8D260C02E} = {B555C79D-377F-4713-98CD-B77FBEF77944}
		{0AE3BC7D-2B33-461C-BB17-45F4F04EA184} = {E0324FC3-C3BA-41E1-9A15-1CB8D260C02E}
		{B711FD8E-9626-436D-A5F3-7C895D4E57E5} = {B555C79D-377F-4713-98CD-B77FBEF77944}
		{2BAFF8C6-2AB5-4DB4-99F5-6441174FD961} = {B711FD8E-9626-436D-A5F3-7C895D4E57E5}
		{F69FEC8B-DC4E-415E-82F8-DED07E3C49B5} = {B555C79D-377F-4713-98CD-B77FBEF77944}
		{73005406-C5EB-49DA-A7B5-0F269ABD089C} = {F69FEC8B-DC4E-415E-82F8-DED07E3C49B5}
		{E9DD9D3A-A536-41BE-8EA2-8FC76808279D} = {F69FEC8B-DC4E-415E-82F8-DED07E3C49B5}
		{07EAC63E-FD2E-4F27-8064-7980FE4C8B79} = {F69FEC8B-DC4E-415E-82F8-DED07E3C49B5}
		{739697E2-EF7E-47DE-A9A1-B933BC3FC862} = {73005406-C5EB-49DA-A7B5-0F269ABD089C}
		{B6EBAB96-D45E-4332-8817-5C62D5E8DBBC} = {73005406-C5EB-49DA-A7B5-0F269ABD089C}
		{9AE370F9-A3D0-4957-AC71-85B4DA4728D1} = {E9DD9D3A-A536-41BE-8EA2-8FC76808279D}
		{1D284EA8-1571-4F12-9384-D05C830A0866} = {07EAC63E-FD2E-4F27-8064-7980FE4C8B79}
		{579169E6-D8EB-40D9-B94E-EA14456A0377} = {842341F5-EB0A-49B7-A73E-BDB473486BF1}
	EndGlobalSection
	GlobalSection(ExtensibilityGlobals) = postSolution
		SolutionGuid = {AB752DAA-1A2E-4888-907D-88E477EE2FCA}
	EndGlobalSection
EndGlobal
